
Microsoft Visual Studio Solution File, Format Version 12.00
# Visual Studio Version 16
VisualStudioVersion = 16.0.30711.63
MinimumVisualStudioVersion = 10.0.40219.1
Project("{FAE04EC0-301F-11D3-BF4B-00C04F79EFBC}") = "GamemodeManager", "GamemodeManager\GamemodeManager.csproj", "{FB48A3D5-3C4C-4DE3-9DE2-CC3D654DA359}"
EndProject
Project("{FAE04EC0-301F-11D3-BF4B-00C04F79EFBC}") = "CustomGamemode", "CustomGamemode\CustomGamemode.csproj", "{7F4AC963-288C-40E3-9788-B6A34962BB04}"
EndProject
Global
	GlobalSection(SolutionConfigurationPlatforms) = preSolution
		Debug|Any CPU = Debug|Any CPU
		Release|Any CPU = Release|Any CPU
	EndGlobalSection
	GlobalSection(ProjectConfigurationPlatforms) = postSolution
		{FB48A3D5-3C4C-4DE3-9DE2-CC3D654DA359}.Debug|Any CPU.ActiveCfg = Debug|Any CPU
		{FB48A3D5-3C4C-4DE3-9DE2-CC3D654DA359}.Debug|Any CPU.Build.0 = Debug|Any CPU
		{FB48A3D5-3C4C-4DE3-9DE2-CC3D654DA359}.Release|Any CPU.ActiveCfg = Release|Any CPU
		{FB48A3D5-3C4C-4DE3-9DE2-CC3D654DA359}.Release|Any CPU.Build.0 = Release|Any CPU
		{7F4AC963-288C-40E3-9788-B6A34962BB04}.Debug|Any CPU.ActiveCfg = Debug|Any CPU
		{7F4AC963-288C-40E3-9788-B6A34962BB04}.Debug|Any CPU.Build.0 = Debug|Any CPU
		{7F4AC963-288C-40E3-9788-B6A34962BB04}.Release|Any CPU.ActiveCfg = Release|Any CPU
		{7F4AC963-288C-40E3-9788-B6A34962BB04}.Release|Any CPU.Build.0 = Release|Any CPU
	EndGlobalSection
	GlobalSection(SolutionProperties) = preSolution
		HideSolutionNode = FALSE
	EndGlobalSection
	GlobalSection(ExtensibilityGlobals) = postSolution
		SolutionGuid = {A7CB26E7-8C9B-4F63-A56E-9875BE3A459E}
	EndGlobalSection
EndGlobal
